cosmossdk.io/api v0.2.1 h1:4m6vIHKJygrixSIfOsD3Mhij9vZlQC/+BTeb+Un9os0=
cosmossdk.io/api v0.2.1/go.mod h1:kNpfY0UY7Cz4ZuLJ4hm9auUGfmj23UFpOQ/Bo8IKCFw=
cosmossdk.io/core v0.3.0 h1:ief7yWnQaXiGuhu+xcs5w8T9KHwkV2dy+tk4jck2hK8=
cosmossdk.io/core v0.3.0/go.mod h1:Pgb+291E7hq552xh1a8TsYZY1BnLpherqDSfh4KgC8I=
